Microsoft Visual Studio Solution File, Format Version 12.00
# Visual Studio 15
VisualStudioVersion = 15.0.27428.2043
MinimumVisualStudioVersion = 10.0.40219.1
Project("{9A19103F-16F7-4668-BE54-9A1E7A4F7556}") = "testajax", "testajax\testajax.csproj", "{31776942-44EF-4CC1-9420-017C361201AB}"
EndProject
Project("{9A19103F-16F7-4668-BE54-9A1E7A4F7556}") = "PollyDemos", "PollyDemos\PollyDemos.csproj", "{42C0CF17-0354-47BB-8359-E9013F720847}"
EndProject
Project("{9A19103F-16F7-4668-BE54-9A1E7A4F7556}") = "PollyTestClientConsole", "PollyTestClientConsole\PollyTestClientConsole.csproj", "{B61B6C64-F4F3-4EE2-A7A6-466290D1D1B4}"
EndProject
Project("{9A19103F-16F7-4668-BE54-9A1E7A4F7556}") = "TestCircuitBreaker", "TestCircuitBreaker\TestCircuitBreaker.csproj", "{58F5B7FF-E6E3-4F63-8137-F1A1D2E4894A}"
EndProject
Project("{9A19103F-16F7-4668-BE54-9A1E7A4F7556}") = "TestDapper", "TestDapper\TestDapper.csproj", "{8E1F6134-64FB-4607-A820-FE58A017AAFA}"
EndProject
Project("{9A19103F-16F7-4668-BE54-9A1E7A4F7556}") = "testwechatoauth", "testwechatoauth\testwechatoauth.csproj", "{0D7AD372-1864-441B-8DEB-A40B56B9EB5C}"
EndProject
Project("{9A19103F-16F7-4668-BE54-9A1E7A4F7556}") = "WebApiA", "WebApiA\WebApiA.csproj", "{ACC8E538-894B-48F7-95D5-52423336A935}"
EndProject
Project("{9A19103F-16F7-4668-BE54-9A1E7A4F7556}") = "WebApiB", "WebApiB\WebApiB.csproj", "{C1C87D49-A9A1-4B3A-BDB6-112D642E79E5}"
EndProject
Project("{9A19103F-16F7-4668-BE54-9A1E7A4F7556}") = "OcelotGetway", "OcelotGetway\OcelotGetway.csproj", "{F32DE877-D43A-4AF8-8FEC-D4E5B8F56BD2}"
EndProject
Project("{9A19103F-16F7-4668-BE54-9A1E7A4F7556}") = "TestJob", "TestJob\TestJob.csproj", "{0E75A68F-40C3-4384-BB66-1B97A9955CFB}"
EndProject
Project("{9A19103F-16F7-4668-BE54-9A1E7A4F7556}") = "testdbcontext", "testdbcontext\testdbcontext.csproj", "{BCD8AB89-25D8-4658-AE02-193EDFD3B7D5}"
EndProject
Project("{FAE04EC0-301F-11D3-BF4B-00C04F79EFBC}") = "WebApplication1", "WebApplication1\WebApplication1.csproj", "{1FB80DBF-D769-417A-9DAE-EC8481C44A6E}"
EndProject
Project("{9A19103F-16F7-4668-BE54-9A1E7A4F7556}") = "TestQueueConsole", "TestQueueConsole\TestQueueConsole.csproj", "{F49866D3-9806-41AB-8B0C-8AAFDD8D6610}"
EndProject
Project("{9A19103F-16F7-4668-BE54-9A1E7A4F7556}") = "TestNRules", "TestNRules\TestNRules.csproj", "{6481E45A-7473-4A51-AB83-F7B31E548EFA}"
EndProject
Project("{9A19103F-16F7-4668-BE54-9A1E7A4F7556}") = "TestNRulesConsole", "TestNRulesConsole\TestNRulesConsole.csproj", "{A16FBA3C-6BB7-49E4-AC1E-50D084AA63E0}"
EndProject
Project("{9A19103F-16F7-4668-BE54-9A1E7A4F7556}") = "GenericHostSample", "GenericHostSample\GenericHostSample.csproj", "{879981E1-3C83-4B90-8BBD-4C0DCBBB379C}"
EndProject
Project("{9A19103F-16F7-4668-BE54-9A1E7A4F7556}") = "aoptestweb", "aoptestweb\aoptestweb.csproj", "{26C7B26A-BA10-491C-B193-1AA549FA6CC2}"
EndProject
Project("{9A19103F-16F7-4668-BE54-9A1E7A4F7556}") = "redisdataProtection", "redisdataProtection\redisdataProtection.csproj", "{D46EA86A-2935-464E-A905-F4B042CEEB5A}"
EndProject
Project("{9A19103F-16F7-4668-BE54-9A1E7A4F7556}") = "testsign", "testsign\testsign.csproj", "{1F062D06-7342-4D2C-AA58-361E5E584F11}"
EndProject
Project("{9A19103F-16F7-4668-BE54-9A1E7A4F7556}") = "testtypeget", "testtypeget\testtypeget.csproj", "{813A766B-32AF-449D-A8B5-A15805E1F4F5}"
EndProject
Project("{9A19103F-16F7-4668-BE54-9A1E7A4F7556}") = "TopologicalSorting", "TopologicalSorting\TopologicalSorting.csproj", "{3E25ED8A-BCA1-473C-8356-5D689824A4E3}"
EndProject
Project("{9A19103F-16F7-4668-BE54-9A1E7A4F7556}") = "AuthorizationServer", "AuthorizationServer\AuthorizationServer.csproj", "{2F935F42-AC58-4C76-8439-FBE852A256D4}"
EndProject
Project("{2150E333-8FDC-42A3-9474-1A3956D46DE8}") = "IdentityServer4Demo", "IdentityServer4Demo", "{03B11D0C-A370-41A7-A752-D983F6CE18E4}"
EndProject
Project("{9A19103F-16F7-4668-BE54-9A1E7A4F7556}") = "ApiService01", "ApiService01\ApiService01.csproj", "{7B61E3BA-BCF7-4998-B0EF-2847A2B995C9}"
EndProject
Project("{9A19103F-16F7-4668-BE54-9A1E7A4F7556}") = "ApiService02", "ApiService02\ApiService02.csproj", "{29FCD688-43A4-4A56-805E-5D48394FC09F}"
EndProject
Project("{9A19103F-16F7-4668-BE54-9A1E7A4F7556}") = "MvcClient", "MvcClient\MvcClient.csproj", "{4B958319-FF20-4076-9E45-09FC3E65F8AA}"
EndProject
Project("{9A19103F-16F7-4668-BE54-9A1E7A4F7556}") = "MvcCodeClient", "MvcCodeClient\MvcCodeClient.csproj", "{8BE1F51A-CC8A-4F30-8D42-6686A214CEB1}"
EndProject
Project("{2150E333-8FDC-42A3-9474-1A3956D46DE8}") = "postmanjson", "postmanjson", "{15E1EC50-6C56-4CBC-B87F-A1E069CEF04E}"
	ProjectSection(SolutionItems) = preProject
		postmanjson\IdentityServer4.postman_collection.json = postmanjson\IdentityServer4.postman_collection.json
	EndProjectSection
EndProject
Project("{2150E333-8FDC-42A3-9474-1A3956D46DE8}") = "elasticsearch", "elasticsearch", "{A281C5EB-64D6-4E0F-ABCB-71AF0B8B187E}"
EndProject
Project("{9A19103F-16F7-4668-BE54-9A1E7A4F7556}") = "elasticsearchdemo", "elasticsearchdemo\elasticsearchdemo.csproj", "{72104209-C0AE-4AA2-8723-A9C78BEE0BC6}"
EndProject
Project("{9A19103F-16F7-4668-BE54-9A1E7A4F7556}") = "testcachewebapi", "testcachewebapi\testcachewebapi.csproj", "{3EA0DB78-FBB6-49D0-A0E9-2BB6DF497B2A}"
EndProject
Project("{2150E333-8FDC-42A3-9474-1A3956D46DE8}") = "Quartz", "Quartz", "{78703646-B6CA-4F36-BC12-A1A24E5FA622}"
EndProject
Project("{FAE04EC0-301F-11D3-BF4B-00C04F79EFBC}") = "HostedServicesQuartz", "HostedServicesQuartz\HostedServicesQuartz.csproj", "{0C3C49D0-DEF2-480E-98C7-DC55D7C4C9B0}"
EndProject
Global
	GlobalSection(SolutionConfigurationPlatforms) = preSolution
		Debug|Any CPU = Debug|Any CPU
		Debug|x64 = Debug|x64
		Debug|x86 = Debug|x86
		Release|Any CPU = Release|Any CPU
		Release|x64 = Release|x64
		Release|x86 = Release|x86
	EndGlobalSection
	GlobalSection(ProjectConfigurationPlatforms) = postSolution
		{31776942-44EF-4CC1-9420-017C361201AB}.Debug|Any CPU.ActiveCfg = Debug|Any CPU
		{31776942-44EF-4CC1-9420-017C361201AB}.Debug|Any CPU.Build.0 = Debug|Any CPU
		{31776942-44EF-4CC1-9420-017C361201AB}.Debug|x64.ActiveCfg = Debug|Any CPU
		{31776942-44EF-4CC1-9420-017C361201AB}.Debug|x64.Build.0 = Debug|Any CPU
		{31776942-44EF-4CC1-9420-017C361201AB}.Debug|x86.ActiveCfg = Debug|Any CPU
		{31776942-44EF-4CC1-9420-017C361201AB}.Debug|x86.Build.0 = Debug|Any CPU
		{31776942-44EF-4CC1-9420-017C361201AB}.Release|Any CPU.ActiveCfg = Release|Any CPU
		{31776942-44EF-4CC1-9420-017C361201AB}.Release|Any CPU.Build.0 = Release|Any CPU
		{31776942-44EF-4CC1-9420-017C361201AB}.Release|x64.ActiveCfg = Release|Any CPU
		{31776942-44EF-4CC1-9420-017C361201AB}.Release|x64.Build.0 = Release|Any CPU
		{31776942-44EF-4CC1-9420-017C361201AB}.Release|x86.ActiveCfg = Release|Any CPU
		{31776942-44EF-4CC1-9420-017C361201AB}.Release|x86.Build.0 = Release|Any CPU
		{42C0CF17-0354-47BB-8359-E9013F720847}.Debug|Any CPU.ActiveCfg = Debug|Any CPU
		{42C0CF17-0354-47BB-8359-E9013F720847}.Debug|Any CPU.Build.0 = Debug|Any CPU
		{42C0CF17-0354-47BB-8359-E9013F720847}.Debug|x64.ActiveCfg = Debug|Any CPU
		{42C0CF17-0354-47BB-8359-E9013F720847}.Debug|x64.Build.0 = Debug|Any CPU
		{42C0CF17-0354-47BB-8359-E9013F720847}.Debug|x86.ActiveCfg = Debug|Any CPU
		{42C0CF17-0354-47BB-8359-E9013F720847}.Debug|x86.Build.0 = Debug|Any CPU
		{42C0CF17-0354-47BB-8359-E9013F720847}.Release|Any CPU.ActiveCfg = Release|Any CPU
		{42C0CF17-0354-47BB-8359-E9013F720847}.Release|Any CPU.Build.0 = Release|Any CPU
		{42C0CF17-0354-47BB-8359-E9013F720847}.Release|x64.ActiveCfg = Release|Any CPU
		{42C0CF17-0354-47BB-8359-E9013F720847}.Release|x64.Build.0 = Release|Any CPU
		{42C0CF17-0354-47BB-8359-E9013F720847}.Release|x86.ActiveCfg = Release|Any CPU
		{42C0CF17-0354-47BB-8359-E9013F720847}.Release|x86.Build.0 = Release|Any CPU
		{B61B6C64-F4F3-4EE2-A7A6-466290D1D1B4}.Debug|Any CPU.ActiveCfg = Debug|Any CPU
		{B61B6C64-F4F3-4EE2-A7A6-466290D1D1B4}.Debug|Any CPU.Build.0 = Debug|Any CPU
		{B61B6C64-F4F3-4EE2-A7A6-466290D1D1B4}.Debug|x64.ActiveCfg = Debug|Any CPU
		{B61B6C64-F4F3-4EE2-A7A6-466290D1D1B4}.Debug|x64.Build.0 = Debug|Any CPU
		{B61B6C64-F4F3-4EE2-A7A6-466290D1D1B4}.Debug|x86.ActiveCfg = Debug|Any CPU
		{B61B6C64-F4F3-4EE2-A7A6-466290D1D1B4}.Debug|x86.Build.0 = Debug|Any CPU
		{B61B6C64-F4F3-4EE2-A7A6-466290D1D1B4}.Release|Any CPU.ActiveCfg = Release|Any CPU
		{B61B6C64-F4F3-4EE2-A7A6-466290D1D1B4}.Release|Any CPU.Build.0 = Release|Any CPU
		{B61B6C64-F4F3-4EE2-A7A6-466290D1D1B4}.Release|x64.ActiveCfg = Release|Any CPU
		{B61B6C64-F4F3-4EE2-A7A6-466290D1D1B4}.Release|x64.Build.0 = Release|Any CPU
		{B61B6C64-F4F3-4EE2-A7A6-466290D1D1B4}.Release|x86.ActiveCfg = Release|Any CPU
		{B61B6C64-F4F3-4EE2-A7A6-466290D1D1B4}.Release|x86.Build.0 = Release|Any CPU
		{58F5B7FF-E6E3-4F63-8137-F1A1D2E4894A}.Debug|Any CPU.ActiveCfg = Debug|Any CPU
		{58F5B7FF-E6E3-4F63-8137-F1A1D2E4894A}.Debug|Any CPU.Build.0 = Debug|Any CPU
		{58F5B7FF-E6E3-4F63-8137-F1A1D2E4894A}.Debug|x64.ActiveCfg = Debug|Any CPU
		{58F5B7FF-E6E3-4F63-8137-F1A1D2E4894A}.Debug|x64.Build.0 = Debug|Any CPU
		{58F5B7FF-E6E3-4F63-8137-F1A1D2E4894A}.Debug|x86.ActiveCfg = Debug|Any CPU
		{58F5B7FF-E6E3-4F63-8137-F1A1D2E4894A}.Debug|x86.Build.0 = Debug|Any CPU
		{58F5B7FF-E6E3-4F63-8137-F1A1D2E4894A}.Release|Any CPU.ActiveCfg = Release|Any CPU
		{58F5B7FF-E6E3-4F63-8137-F1A1D2E4894A}.Release|Any CPU.Build.0 = Release|Any CPU
		{58F5B7FF-E6E3-4F63-8137-F1A1D2E4894A}.Release|x64.ActiveCfg = Release|Any CPU
		{58F5B7FF-E6E3-4F63-8137-F1A1D2E4894A}.Release|x64.Build.0 = Release|Any CPU
		{58F5B7FF-E6E3-4F63-8137-F1A1D2E4894A}.Release|x86.ActiveCfg = Release|Any CPU
		{58F5B7FF-E6E3-4F63-8137-F1A1D2E4894A}.Release|x86.Build.0 = Release|Any CPU
		{8E1F6134-64FB-4607-A820-FE58A017AAFA}.Debug|Any CPU.ActiveCfg = Debug|Any CPU
		{8E1F6134-64FB-4607-A820-FE58A017AAFA}.Debug|Any CPU.Build.0 = Debug|Any CPU
		{8E1F6134-64FB-4607-A820-FE58A017AAFA}.Debug|x64.ActiveCfg = Debug|Any CPU
		{8E1F6134-64FB-4607-A820-FE58A017AAFA}.Debug|x64.Build.0 = Debug|Any CPU
		{8E1F6134-64FB-4607-A820-FE58A017AAFA}.Debug|x86.ActiveCfg = Debug|Any CPU
		{8E1F6134-64FB-4607-A820-FE58A017AAFA}.Debug|x86.Build.0 = Debug|Any CPU
		{8E1F6134-64FB-4607-A820-FE58A017AAFA}.Release|Any CPU.ActiveCfg = Release|Any CPU
		{8E1F6134-64FB-4607-A820-FE58A017AAFA}.Release|Any CPU.Build.0 = Release|Any CPU
		{8E1F6134-64FB-4607-A820-FE58A017AAFA}.Release|x64.ActiveCfg = Release|Any CPU
		{8E1F6134-64FB-4607-A820-FE58A017AAFA}.Release|x64.Build.0 = Release|Any CPU
		{8E1F6134-64FB-4607-A820-FE58A017AAFA}.Release|x86.ActiveCfg = Release|Any CPU
		{8E1F6134-64FB-4607-A820-FE58A017AAFA}.Release|x86.Build.0 = Release|Any CPU
		{0D7AD372-1864-441B-8DEB-A40B56B9EB5C}.Debug|Any CPU.ActiveCfg = Debug|Any CPU
		{0D7AD372-1864-441B-8DEB-A40B56B9EB5C}.Debug|Any CPU.Build.0 = Debug|Any CPU
		{0D7AD372-1864-441B-8DEB-A40B56B9EB5C}.Debug|x64.ActiveCfg = Debug|Any CPU
		{0D7AD372-1864-441B-8DEB-A40B56B9EB5C}.Debug|x64.Build.0 = Debug|Any CPU
		{0D7AD372-1864-441B-8DEB-A40B56B9EB5C}.Debug|x86.ActiveCfg = Debug|Any CPU
		{0D7AD372-1864-441B-8DEB-A40B56B9EB5C}.Debug|x86.Build.0 = Debug|Any CPU
		{0D7AD372-1864-441B-8DEB-A40B56B9EB5C}.Release|Any CPU.ActiveCfg = Release|Any CPU
		{0D7AD372-1864-441B-8DEB-A40B56B9EB5C}.Release|Any CPU.Build.0 = Release|Any CPU
		{0D7AD372-1864-441B-8DEB-A40B56B9EB5C}.Release|x64.ActiveCfg = Release|Any CPU
		{0D7AD372-1864-441B-8DEB-A40B56B9EB5C}.Release|x64.Build.0 = Release|Any CPU
		{0D7AD372-1864-441B-8DEB-A40B56B9EB5C}.Release|x86.ActiveCfg = Release|Any CPU
		{0D7AD372-1864-441B-8DEB-A40B56B9EB5C}.Release|x86.Build.0 = Release|Any CPU
		{ACC8E538-894B-48F7-95D5-52423336A935}.Debug|Any CPU.ActiveCfg = Debug|Any CPU
		{ACC8E538-894B-48F7-95D5-52423336A935}.Debug|Any CPU.Build.0 = Debug|Any CPU
		{ACC8E538-894B-48F7-95D5-52423336A935}.Debug|x64.ActiveCfg = Debug|Any CPU
		{ACC8E538-894B-48F7-95D5-52423336A935}.Debug|x64.Build.0 = Debug|Any CPU
		{ACC8E538-894B-48F7-95D5-52423336A935}.Debug|x86.ActiveCfg = Debug|Any CPU
		{ACC8E538-894B-48F7-95D5-52423336A935}.Debug|x86.Build.0 = Debug|Any CPU
		{ACC8E538-894B-48F7-95D5-52423336A935}.Release|Any CPU.ActiveCfg = Release|Any CPU
		{ACC8E538-894B-48F7-95D5-52423336A935}.Release|Any CPU.Build.0 = Release|Any CPU
		{ACC8E538-894B-48F7-95D5-52423336A935}.Release|x64.ActiveCfg = Release|Any CPU
		{ACC8E538-894B-48F7-95D5-52423336A935}.Release|x64.Build.0 = Release|Any CPU
		{ACC8E538-894B-48F7-95D5-52423336A935}.Release|x86.ActiveCfg = Release|Any CPU
		{ACC8E538-894B-48F7-95D5-52423336A935}.Release|x86.Build.0 = Release|Any CPU
		{C1C87D49-A9A1-4B3A-BDB6-112D642E79E5}.Debug|Any CPU.ActiveCfg = Debug|Any CPU
		{C1C87D49-A9A1-4B3A-BDB6-112D642E79E5}.Debug|Any CPU.Build.0 = Debug|Any CPU
		{C1C87D49-A9A1-4B3A-BDB6-112D642E79E5}.Debug|x64.ActiveCfg = Debug|Any CPU
		{C1C87D49-A9A1-4B3A-BDB6-112D642E79E5}.Debug|x64.Build.0 = Debug|Any CPU
		{C1C87D49-A9A1-4B3A-BDB6-112D642E79E5}.Debug|x86.ActiveCfg = Debug|Any CPU
		{C1C87D49-A9A1-4B3A-BDB6-112D642E79E5}.Debug|x86.Build.0 = Debug|Any CPU
		{C1C87D49-A9A1-4B3A-BDB6-112D642E79E5}.Release|Any CPU.ActiveCfg = Release|Any CPU
		{C1C87D49-A9A1-4B3A-BDB6-112D642E79E5}.Release|Any CPU.Build.0 = Release|Any CPU
		{C1C87D49-A9A1-4B3A-BDB6-112D642E79E5}.Release|x64.ActiveCfg = Release|Any CPU
		{C1C87D49-A9A1-4B3A-BDB6-112D642E79E5}.Release|x64.Build.0 = Release|Any CPU
		{C1C87D49-A9A1-4B3A-BDB6-112D642E79E5}.Release|x86.ActiveCfg = Release|Any CPU
		{C1C87D49-A9A1-4B3A-BDB6-112D642E79E5}.Release|x86.Build.0 = Release|Any CPU
		{F32DE877-D43A-4AF8-8FEC-D4E5B8F56BD2}.Debug|Any CPU.ActiveCfg = Debug|Any CPU
		{F32DE877-D43A-4AF8-8FEC-D4E5B8F56BD2}.Debug|Any CPU.Build.0 = Debug|Any CPU
		{F32DE877-D43A-4AF8-8FEC-D4E5B8F56BD2}.Debug|x64.ActiveCfg = Debug|Any CPU
		{F32DE877-D43A-4AF8-8FEC-D4E5B8F56BD2}.Debug|x64.Build.0 = Debug|Any CPU
		{F32DE877-D43A-4AF8-8FEC-D4E5B8F56BD2}.Debug|x86.ActiveCfg = Debug|Any CPU
		{F32DE877-D43A-4AF8-8FEC-D4E5B8F56BD2}.Debug|x86.Build.0 = Debug|Any CPU
		{F32DE877-D43A-4AF8-8FEC-D4E5B8F56BD2}.Release|Any CPU.ActiveCfg = Release|Any CPU
		{F32DE877-D43A-4AF8-8FEC-D4E5B8F56BD2}.Release|Any CPU.Build.0 = Release|Any CPU
		{F32DE877-D43A-4AF8-8FEC-D4E5B8F56BD2}.Release|x64.ActiveCfg = Release|Any CPU
		{F32DE877-D43A-4AF8-8FEC-D4E5B8F56BD2}.Release|x64.Build.0 = Release|Any CPU
		{F32DE877-D43A-4AF8-8FEC-D4E5B8F56BD2}.Release|x86.ActiveCfg = Release|Any CPU
		{F32DE877-D43A-4AF8-8FEC-D4E5B8F56BD2}.Release|x86.Build.0 = Release|Any CPU
		{0E75A68F-40C3-4384-BB66-1B97A9955CFB}.Debug|Any CPU.ActiveCfg = Debug|Any CPU
		{0E75A68F-40C3-4384-BB66-1B97A9955CFB}.Debug|Any CPU.Build.0 = Debug|Any CPU
		{0E75A68F-40C3-4384-BB66-1B97A9955CFB}.Debug|x64.ActiveCfg = Debug|Any CPU
		{0E75A68F-40C3-4384-BB66-1B97A9955CFB}.Debug|x64.Build.0 = Debug|Any CPU
		{0E75A68F-40C3-4384-BB66-1B97A9955CFB}.Debug|x86.ActiveCfg = Debug|Any CPU
		{0E75A68F-40C3-4384-BB66-1B97A9955CFB}.Debug|x86.Build.0 = Debug|Any CPU
		{0E75A68F-40C3-4384-BB66-1B97A9955CFB}.Release|Any CPU.ActiveCfg = Release|Any CPU
		{0E75A68F-40C3-4384-BB66-1B97A9955CFB}.Release|Any CPU.Build.0 = Release|Any CPU
		{0E75A68F-40C3-4384-BB66-1B97A9955CFB}.Release|x64.ActiveCfg = Release|Any CPU
		{0E75A68F-40C3-4384-BB66-1B97A9955CFB}.Release|x64.Build.0 = Release|Any CPU
		{0E75A68F-40C3-4384-BB66-1B97A9955CFB}.Release|x86.ActiveCfg = Release|Any CPU
		{0E75A68F-40C3-4384-BB66-1B97A9955CFB}.Release|x86.Build.0 = Release|Any CPU
		{BCD8AB89-25D8-4658-AE02-193EDFD3B7D5}.Debug|Any CPU.ActiveCfg = Debug|Any CPU
		{BCD8AB89-25D8-4658-AE02-193EDFD3B7D5}.Debug|Any CPU.Build.0 = Debug|Any CPU
		{BCD8AB89-25D8-4658-AE02-193EDFD3B7D5}.Debug|x64.ActiveCfg = Debug|Any CPU
		{BCD8AB89-25D8-4658-AE02-193EDFD3B7D5}.Debug|x64.Build.0 = Debug|Any CPU
		{BCD8AB89-25D8-4658-AE02-193EDFD3B7D5}.Debug|x86.ActiveCfg = Debug|Any CPU
		{BCD8AB89-25D8-4658-AE02-193EDFD3B7D5}.Debug|x86.Build.0 = Debug|Any CPU
		{BCD8AB89-25D8-4658-AE02-193EDFD3B7D5}.Release|Any CPU.ActiveCfg = Release|Any CPU
		{BCD8AB89-25D8-4658-AE02-193EDFD3B7D5}.Release|Any CPU.Build.0 = Release|Any CPU
		{BCD8AB89-25D8-4658-AE02-193EDFD3B7D5}.Release|x64.ActiveCfg = Release|Any CPU
		{BCD8AB89-25D8-4658-AE02-193EDFD3B7D5}.Release|x64.Build.0 = Release|Any CPU
		{BCD8AB89-25D8-4658-AE02-193EDFD3B7D5}.Release|x86.ActiveCfg = Release|Any CPU
		{BCD8AB89-25D8-4658-AE02-193EDFD3B7D5}.Release|x86.Build.0 = Release|Any CPU
		{1FB80DBF-D769-417A-9DAE-EC8481C44A6E}.Debug|Any CPU.ActiveCfg = Debug|Any CPU
		{1FB80DBF-D769-417A-9DAE-EC8481C44A6E}.Debug|Any CPU.Build.0 = Debug|Any CPU
		{1FB80DBF-D769-417A-9DAE-EC8481C44A6E}.Debug|x64.ActiveCfg = Debug|Any CPU
		{1FB80DBF-D769-417A-9DAE-EC8481C44A6E}.Debug|x64.Build.0 = Debug|Any CPU
		{1FB80DBF-D769-417A-9DAE-EC8481C44A6E}.Debug|x86.ActiveCfg = Debug|Any CPU
		{1FB80DBF-D769-417A-9DAE-EC8481C44A6E}.Debug|x86.Build.0 = Debug|Any CPU
		{1FB80DBF-D769-417A-9DAE-EC8481C44A6E}.Release|Any CPU.ActiveCfg = Release|Any CPU
		{1FB80DBF-D769-417A-9DAE-EC8481C44A6E}.Release|Any CPU.Build.0 = Release|Any CPU
		{1FB80DBF-D769-417A-9DAE-EC8481C44A6E}.Release|x64.ActiveCfg = Release|Any CPU
		{1FB80DBF-D769-417A-9DAE-EC8481C44A6E}.Release|x64.Build.0 = Release|Any CPU
		{1FB80DBF-D769-417A-9DAE-EC8481C44A6E}.Release|x86.ActiveCfg = Release|Any CPU
		{1FB80DBF-D769-417A-9DAE-EC8481C44A6E}.Release|x86.Build.0 = Release|Any CPU
		{F49866D3-9806-41AB-8B0C-8AAFDD8D6610}.Debug|Any CPU.ActiveCfg = Debug|Any CPU
		{F49866D3-9806-41AB-8B0C-8AAFDD8D6610}.Debug|Any CPU.Build.0 = Debug|Any CPU
		{F49866D3-9806-41AB-8B0C-8AAFDD8D6610}.Debug|x64.ActiveCfg = Debug|Any CPU
		{F49866D3-9806-41AB-8B0C-8AAFDD8D6610}.Debug|x64.Build.0 = Debug|Any CPU
		{F49866D3-9806-41AB-8B0C-8AAFDD8D6610}.Debug|x86.ActiveCfg = Debug|Any CPU
		{F49866D3-9806-41AB-8B0C-8AAFDD8D6610}.Debug|x86.Build.0 = Debug|Any CPU
		{F49866D3-9806-41AB-8B0C-8AAFDD8D6610}.Release|Any CPU.ActiveCfg = Release|Any CPU
		{F49866D3-9806-41AB-8B0C-8AAFDD8D6610}.Release|Any CPU.Build.0 = Release|Any CPU
		{F49866D3-9806-41AB-8B0C-8AAFDD8D6610}.Release|x64.ActiveCfg = Release|Any CPU
		{F49866D3-9806-41AB-8B0C-8AAFDD8D6610}.Release|x64.Build.0 = Release|Any CPU
		{F49866D3-9806-41AB-8B0C-8AAFDD8D6610}.Release|x86.ActiveCfg = Release|Any CPU
		{F49866D3-9806-41AB-8B0C-8AAFDD8D6610}.Release|x86.Build.0 = Release|Any CPU
		{6481E45A-7473-4A51-AB83-F7B31E548EFA}.Debug|Any CPU.ActiveCfg = Debug|Any CPU
		{6481E45A-7473-4A51-AB83-F7B31E548EFA}.Debug|Any CPU.Build.0 = Debug|Any CPU
		{6481E45A-7473-4A51-AB83-F7B31E548EFA}.Debug|x64.ActiveCfg = Debug|Any CPU
		{6481E45A-7473-4A51-AB83-F7B31E548EFA}.Debug|x64.Build.0 = Debug|Any CPU
		{6481E45A-7473-4A51-AB83-F7B31E548EFA}.Debug|x86.ActiveCfg = Debug|Any CPU
		{6481E45A-7473-4A51-AB83-F7B31E548EFA}.Debug|x86.Build.0 = Debug|Any CPU
		{6481E45A-7473-4A51-AB83-F7B31E548EFA}.Release|Any CPU.ActiveCfg = Release|Any CPU
		{6481E45A-7473-4A51-AB83-F7B31E548EFA}.Release|Any CPU.Build.0 = Release|Any CPU
		{6481E45A-7473-4A51-AB83-F7B31E548EFA}.Release|x64.ActiveCfg = Release|Any CPU
		{6481E45A-7473-4A51-AB83-F7B31E548EFA}.Release|x64.Build.0 = Release|Any CPU
		{6481E45A-7473-4A51-AB83-F7B31E548EFA}.Release|x86.ActiveCfg = Release|Any CPU
		{6481E45A-7473-4A51-AB83-F7B31E548EFA}.Release|x86.Build.0 = Release|Any CPU
		{A16FBA3C-6BB7-49E4-AC1E-50D084AA63E0}.Debug|Any CPU.ActiveCfg = Debug|Any CPU
		{A16FBA3C-6BB7-49E4-AC1E-50D084AA63E0}.Debug|Any CPU.Build.0 = Debug|Any CPU
		{A16FBA3C-6BB7-49E4-AC1E-50D084AA63E0}.Debug|x64.ActiveCfg = Debug|Any CPU
		{A16FBA3C-6BB7-49E4-AC1E-50D084AA63E0}.Debug|x64.Build.0 = Debug|Any CPU
		{A16FBA3C-6BB7-49E4-AC1E-50D084AA63E0}.Debug|x86.ActiveCfg = Debug|Any CPU
		{A16FBA3C-6BB7-49E4-AC1E-50D084AA63E0}.Debug|x86.Build.0 = Debug|Any CPU
		{A16FBA3C-6BB7-49E4-AC1E-50D084AA63E0}.Release|Any CPU.ActiveCfg = Release|Any CPU
		{A16FBA3C-6BB7-49E4-AC1E-50D084AA63E0}.Release|Any CPU.Build.0 = Release|Any CPU
		{A16FBA3C-6BB7-49E4-AC1E-50D084AA63E0}.Release|x64.ActiveCfg = Release|Any CPU
		{A16FBA3C-6BB7-49E4-AC1E-50D084AA63E0}.Release|x64.Build.0 = Release|Any CPU
		{A16FBA3C-6BB7-49E4-AC1E-50D084AA63E0}.Release|x86.ActiveCfg = Release|Any CPU
		{A16FBA3C-6BB7-49E4-AC1E-50D084AA63E0}.Release|x86.Build.0 = Release|Any CPU
		{879981E1-3C83-4B90-8BBD-4C0DCBBB379C}.Debug|Any CPU.ActiveCfg = Debug|Any CPU
		{879981E1-3C83-4B90-8BBD-4C0DCBBB379C}.Debug|Any CPU.Build.0 = Debug|Any CPU
		{879981E1-3C83-4B90-8BBD-4C0DCBBB379C}.Debug|x64.ActiveCfg = Debug|Any CPU
		{879981E1-3C83-4B90-8BBD-4C0DCBBB379C}.Debug|x64.Build.0 = Debug|Any CPU
		{879981E1-3C83-4B90-8BBD-4C0DCBBB379C}.Debug|x86.ActiveCfg = Debug|Any CPU
		{879981E1-3C83-4B90-8BBD-4C0DCBBB379C}.Debug|x86.Build.0 = Debug|Any CPU
		{879981E1-3C83-4B90-8BBD-4C0DCBBB379C}.Release|Any CPU.ActiveCfg = Release|Any CPU
		{879981E1-3C83-4B90-8BBD-4C0DCBBB379C}.Release|Any CPU.Build.0 = Release|Any CPU
		{879981E1-3C83-4B90-8BBD-4C0DCBBB379C}.Release|x64.ActiveCfg = Release|Any CPU
		{879981E1-3C83-4B90-8BBD-4C0DCBBB379C}.Release|x64.Build.0 = Release|Any CPU
		{879981E1-3C83-4B90-8BBD-4C0DCBBB379C}.Release|x86.ActiveCfg = Release|Any CPU
		{879981E1-3C83-4B90-8BBD-4C0DCBBB379C}.Release|x86.Build.0 = Release|Any CPU
		{26C7B26A-BA10-491C-B193-1AA549FA6CC2}.Debug|Any CPU.ActiveCfg = Debug|Any CPU
		{26C7B26A-BA10-491C-B193-1AA549FA6CC2}.Debug|Any CPU.Build.0 = Debug|Any CPU
		{26C7B26A-BA10-491C-B193-1AA549FA6CC2}.Debug|x64.ActiveCfg = Debug|Any CPU
		{26C7B26A-BA10-491C-B193-1AA549FA6CC2}.Debug|x64.Build.0 = Debug|Any CPU
		{26C7B26A-BA10-491C-B193-1AA549FA6CC2}.Debug|x86.ActiveCfg = Debug|Any CPU
		{26C7B26A-BA10-491C-B193-1AA549FA6CC2}.Debug|x86.Build.0 = Debug|Any CPU
		{26C7B26A-BA10-491C-B193-1AA549FA6CC2}.Release|Any CPU.ActiveCfg = Release|Any CPU
		{26C7B26A-BA10-491C-B193-1AA549FA6CC2}.Release|Any CPU.Build.0 = Release|Any CPU
		{26C7B26A-BA10-491C-B193-1AA549FA6CC2}.Release|x64.ActiveCfg = Release|Any CPU
		{26C7B26A-BA10-491C-B193-1AA549FA6CC2}.Release|x64.Build.0 = Release|Any CPU
		{26C7B26A-BA10-491C-B193-1AA549FA6CC2}.Release|x86.ActiveCfg = Release|Any CPU
		{26C7B26A-BA10-491C-B193-1AA549FA6CC2}.Release|x86.Build.0 = Release|Any CPU
		{D46EA86A-2935-464E-A905-F4B042CEEB5A}.Debug|Any CPU.ActiveCfg = Debug|Any CPU
		{D46EA86A-2935-464E-A905-F4B042CEEB5A}.Debug|Any CPU.Build.0 = Debug|Any CPU
		{D46EA86A-2935-464E-A905-F4B042CEEB5A}.Debug|x64.ActiveCfg = Debug|Any CPU
		{D46EA86A-2935-464E-A905-F4B042CEEB5A}.Debug|x64.Build.0 = Debug|Any CPU
		{D46EA86A-2935-464E-A905-F4B042CEEB5A}.Debug|x86.ActiveCfg = Debug|Any CPU
		{D46EA86A-2935-464E-A905-F4B042CEEB5A}.Debug|x86.Build.0 = Debug|Any CPU
		{D46EA86A-2935-464E-A905-F4B042CEEB5A}.Release|Any CPU.ActiveCfg = Release|Any CPU
		{D46EA86A-2935-464E-A905-F4B042CEEB5A}.Release|Any CPU.Build.0 = Release|Any CPU
		{D46EA86A-2935-464E-A905-F4B042CEEB5A}.Release|x64.ActiveCfg = Release|Any CPU
		{D46EA86A-2935-464E-A905-F4B042CEEB5A}.Release|x64.Build.0 = Release|Any CPU
		{D46EA86A-2935-464E-A905-F4B042CEEB5A}.Release|x86.ActiveCfg = Release|Any CPU
		{D46EA86A-2935-464E-A905-F4B042CEEB5A}.Release|x86.Build.0 = Release|Any CPU
		{1F062D06-7342-4D2C-AA58-361E5E584F11}.Debug|Any CPU.ActiveCfg = Debug|Any CPU
		{1F062D06-7342-4D2C-AA58-361E5E584F11}.Debug|Any CPU.Build.0 = Debug|Any CPU
		{1F062D06-7342-4D2C-AA58-361E5E584F11}.Debug|x64.ActiveCfg = Debug|Any CPU
		{1F062D06-7342-4D2C-AA58-361E5E584F11}.Debug|x64.Build.0 = Debug|Any CPU
		{1F062D06-7342-4D2C-AA58-361E5E584F11}.Debug|x86.ActiveCfg = Debug|Any CPU
		{1F062D06-7342-4D2C-AA58-361E5E584F11}.Debug|x86.Build.0 = Debug|Any CPU
		{1F062D06-7342-4D2C-AA58-361E5E584F11}.Release|Any CPU.ActiveCfg = Release|Any CPU
		{1F062D06-7342-4D2C-AA58-361E5E584F11}.Release|Any CPU.Build.0 = Release|Any CPU
		{1F062D06-7342-4D2C-AA58-361E5E584F11}.Release|x64.ActiveCfg = Release|Any CPU
		{1F062D06-7342-4D2C-AA58-361E5E584F11}.Release|x64.Build.0 = Release|Any CPU
		{1F062D06-7342-4D2C-AA58-361E5E584F11}.Release|x86.ActiveCfg = Release|Any CPU
		{1F062D06-7342-4D2C-AA58-361E5E584F11}.Release|x86.Build.0 = Release|Any CPU
		{813A766B-32AF-449D-A8B5-A15805E1F4F5}.Debug|Any CPU.ActiveCfg = Debug|Any CPU
		{813A766B-32AF-449D-A8B5-A15805E1F4F5}.Debug|Any CPU.Build.0 = Debug|Any CPU
		{813A766B-32AF-449D-A8B5-A15805E1F4F5}.Debug|x64.ActiveCfg = Debug|Any CPU
		{813A766B-32AF-449D-A8B5-A15805E1F4F5}.Debug|x64.Build.0 = Debug|Any CPU
		{813A766B-32AF-449D-A8B5-A15805E1F4F5}.Debug|x86.ActiveCfg = Debug|Any CPU
		{813A766B-32AF-449D-A8B5-A15805E1F4F5}.Debug|x86.Build.0 = Debug|Any CPU
		{813A766B-32AF-449D-A8B5-A15805E1F4F5}.Release|Any CPU.ActiveCfg = Release|Any CPU
		{813A766B-32AF-449D-A8B5-A15805E1F4F5}.Release|Any CPU.Build.0 = Release|Any CPU
		{813A766B-32AF-449D-A8B5-A15805E1F4F5}.Release|x64.ActiveCfg = Release|Any CPU
		{813A766B-32AF-449D-A8B5-A15805E1F4F5}.Release|x64.Build.0 = Release|Any CPU
		{813A766B-32AF-449D-A8B5-A15805E1F4F5}.Release|x86.ActiveCfg = Release|Any CPU
		{813A766B-32AF-449D-A8B5-A15805E1F4F5}.Release|x86.Build.0 = Release|Any CPU
		{3E25ED8A-BCA1-473C-8356-5D689824A4E3}.Debug|Any CPU.ActiveCfg = Debug|Any CPU
		{3E25ED8A-BCA1-473C-8356-5D689824A4E3}.Debug|Any CPU.Build.0 = Debug|Any CPU
		{3E25ED8A-BCA1-473C-8356-5D689824A4E3}.Debug|x64.ActiveCfg = Debug|Any CPU
		{3E25ED8A-BCA1-473C-8356-5D689824A4E3}.Debug|x64.Build.0 = Debug|Any CPU
		{3E25ED8A-BCA1-473C-8356-5D689824A4E3}.Debug|x86.ActiveCfg = Debug|Any CPU
		{3E25ED8A-BCA1-473C-8356-5D689824A4E3}.Debug|x86.Build.0 = Debug|Any CPU
		{3E25ED8A-BCA1-473C-8356-5D689824A4E3}.Release|Any CPU.ActiveCfg = Release|Any CPU
		{3E25ED8A-BCA1-473C-8356-5D689824A4E3}.Release|Any CPU.Build.0 = Release|Any CPU
		{3E25ED8A-BCA1-473C-8356-5D689824A4E3}.Release|x64.ActiveCfg = Release|Any CPU
		{3E25ED8A-BCA1-473C-8356-5D689824A4E3}.Release|x64.Build.0 = Release|Any CPU
		{3E25ED8A-BCA1-473C-8356-5D689824A4E3}.Release|x86.ActiveCfg = Release|Any CPU
		{3E25ED8A-BCA1-473C-8356-5D689824A4E3}.Release|x86.Build.0 = Release|Any CPU
		{2F935F42-AC58-4C76-8439-FBE852A256D4}.Debug|Any CPU.ActiveCfg = Debug|Any CPU
		{2F935F42-AC58-4C76-8439-FBE852A256D4}.Debug|Any CPU.Build.0 = Debug|Any CPU
		{2F935F42-AC58-4C76-8439-FBE852A256D4}.Debug|x64.ActiveCfg = Debug|Any CPU
		{2F935F42-AC58-4C76-8439-FBE852A256D4}.Debug|x64.Build.0 = Debug|Any CPU
		{2F935F42-AC58-4C76-8439-FBE852A256D4}.Debug|x86.ActiveCfg = Debug|Any CPU
		{2F935F42-AC58-4C76-8439-FBE852A256D4}.Debug|x86.Build.0 = Debug|Any CPU
		{2F935F42-AC58-4C76-8439-FBE852A256D4}.Release|Any CPU.ActiveCfg = Release|Any CPU
		{2F935F42-AC58-4C76-8439-FBE852A256D4}.Release|Any CPU.Build.0 = Release|Any CPU
		{2F935F42-AC58-4C76-8439-FBE852A256D4}.Release|x64.ActiveCfg = Release|Any CPU
		{2F935F42-AC58-4C76-8439-FBE852A256D4}.Release|x64.Build.0 = Release|Any CPU
		{2F935F42-AC58-4C76-8439-FBE852A256D4}.Release|x86.ActiveCfg = Release|Any CPU
		{2F935F42-AC58-4C76-8439-FBE852A256D4}.Release|x86.Build.0 = Release|Any CPU
		{7B61E3BA-BCF7-4998-B0EF-2847A2B995C9}.Debug|Any CPU.ActiveCfg = Debug|Any CPU
		{7B61E3BA-BCF7-4998-B0EF-2847A2B995C9}.Debug|Any CPU.Build.0 = Debug|Any CPU
		{7B61E3BA-BCF7-4998-B0EF-2847A2B995C9}.Debug|x64.ActiveCfg = Debug|Any CPU
		{7B61E3BA-BCF7-4998-B0EF-2847A2B995C9}.Debug|x64.Build.0 = Debug|Any CPU
		{7B61E3BA-BCF7-4998-B0EF-2847A2B995C9}.Debug|x86.ActiveCfg = Debug|Any CPU
		{7B61E3BA-BCF7-4998-B0EF-2847A2B995C9}.Debug|x86.Build.0 = Debug|Any CPU
		{7B61E3BA-BCF7-4998-B0EF-2847A2B995C9}.Release|Any CPU.ActiveCfg = Release|Any CPU
		{7B61E3BA-BCF7-4998-B0EF-2847A2B995C9}.Release|Any CPU.Build.0 = Release|Any CPU
		{7B61E3BA-BCF7-4998-B0EF-2847A2B995C9}.Release|x64.ActiveCfg = Release|Any CPU
		{7B61E3BA-BCF7-4998-B0EF-2847A2B995C9}.Release|x64.Build.0 = Release|Any CPU
		{7B61E3BA-BCF7-4998-B0EF-2847A2B995C9}.Release|x86.ActiveCfg = Release|Any CPU
		{7B61E3BA-BCF7-4998-B0EF-2847A2B995C9}.Release|x86.Build.0 = Release|Any CPU
		{29FCD688-43A4-4A56-805E-5D48394FC09F}.Debug|Any CPU.ActiveCfg = Debug|Any CPU
		{29FCD688-43A4-4A56-805E-5D48394FC09F}.Debug|Any CPU.Build.0 = Debug|Any CPU
		{29FCD688-43A4-4A56-805E-5D48394FC09F}.Debug|x64.ActiveCfg = Debug|Any CPU
		{29FCD688-43A4-4A56-805E-5D48394FC09F}.Debug|x64.Build.0 = Debug|Any CPU
		{29FCD688-43A4-4A56-805E-5D48394FC09F}.Debug|x86.ActiveCfg = Debug|Any CPU
		{29FCD688-43A4-4A56-805E-5D48394FC09F}.Debug|x86.Build.0 = Debug|Any CPU
		{29FCD688-43A4-4A56-805E-5D48394FC09F}.Release|Any CPU.ActiveCfg = Release|Any CPU
		{29FCD688-43A4-4A56-805E-5D48394FC09F}.Release|Any CPU.Build.0 = Release|Any CPU
		{29FCD688-43A4-4A56-805E-5D48394FC09F}.Release|x64.ActiveCfg = Release|Any CPU
		{29FCD688-43A4-4A56-805E-5D48394FC09F}.Release|x64.Build.0 = Release|Any CPU
		{29FCD688-43A4-4A56-805E-5D48394FC09F}.Release|x86.ActiveCfg = Release|Any CPU
		{29FCD688-43A4-4A56-805E-5D48394FC09F}.Release|x86.Build.0 = Release|Any CPU
		{4B958319-FF20-4076-9E45-09FC3E65F8AA}.Debug|Any CPU.ActiveCfg = Debug|Any CPU
		{4B958319-FF20-4076-9E45-09FC3E65F8AA}.Debug|Any CPU.Build.0 = Debug|Any CPU
		{4B958319-FF20-4076-9E45-09FC3E65F8AA}.Debug|x64.ActiveCfg = Debug|Any CPU
		{4B958319-FF20-4076-9E45-09FC3E65F8AA}.Debug|x64.Build.0 = Debug|Any CPU
		{4B958319-FF20-4076-9E45-09FC3E65F8AA}.Debug|x86.ActiveCfg = Debug|Any CPU
		{4B958319-FF20-4076-9E45-09FC3E65F8AA}.Debug|x86.Build.0 = Debug|Any CPU
		{4B958319-FF20-4076-9E45-09FC3E65F8AA}.Release|Any CPU.ActiveCfg = Release|Any CPU
		{4B958319-FF20-4076-9E45-09FC3E65F8AA}.Release|Any CPU.Build.0 = Release|Any CPU
		{4B958319-FF20-4076-9E45-09FC3E65F8AA}.Release|x64.ActiveCfg = Release|Any CPU
		{4B958319-FF20-4076-9E45-09FC3E65F8AA}.Release|x64.Build.0 = Release|Any CPU
		{4B958319-FF20-4076-9E45-09FC3E65F8AA}.Release|x86.ActiveCfg = Release|Any CPU
		{4B958319-FF20-4076-9E45-09FC3E65F8AA}.Release|x86.Build.0 = Release|Any CPU
		{8BE1F51A-CC8A-4F30-8D42-6686A214CEB1}.Debug|Any CPU.ActiveCfg = Debug|Any CPU
		{8BE1F51A-CC8A-4F30-8D42-6686A214CEB1}.Debug|Any CPU.Build.0 = Debug|Any CPU
		{8BE1F51A-CC8A-4F30-8D42-6686A214CEB1}.Debug|x64.ActiveCfg = Debug|Any CPU
		{8BE1F51A-CC8A-4F30-8D42-6686A214CEB1}.Debug|x64.Build.0 = Debug|Any CPU
		{8BE1F51A-CC8A-4F30-8D42-6686A214CEB1}.Debug|x86.ActiveCfg = Debug|Any CPU
		{8BE1F51A-CC8A-4F30-8D42-6686A214CEB1}.Debug|x86.Build.0 = Debug|Any CPU
		{8BE1F51A-CC8A-4F30-8D42-6686A214CEB1}.Release|Any CPU.ActiveCfg = Release|Any CPU
		{8BE1F51A-CC8A-4F30-8D42-6686A214CEB1}.Release|Any CPU.Build.0 = Release|Any CPU
		{8BE1F51A-CC8A-4F30-8D42-6686A214CEB1}.Release|x64.ActiveCfg = Release|Any CPU
		{8BE1F51A-CC8A-4F30-8D42-6686A214CEB1}.Release|x64.Build.0 = Release|Any CPU
		{8BE1F51A-CC8A-4F30-8D42-6686A214CEB1}.Release|x86.ActiveCfg = Release|Any CPU
		{8BE1F51A-CC8A-4F30-8D42-6686A214CEB1}.Release|x86.Build.0 = Release|Any CPU
		{72104209-C0AE-4AA2-8723-A9C78BEE0BC6}.Debug|Any CPU.ActiveCfg = Debug|Any CPU
		{72104209-C0AE-4AA2-8723-A9C78BEE0BC6}.Debug|Any CPU.Build.0 = Debug|Any CPU
		{72104209-C0AE-4AA2-8723-A9C78BEE0BC6}.Debug|x64.ActiveCfg = Debug|Any CPU
		{72104209-C0AE-4AA2-8723-A9C78BEE0BC6}.Debug|x64.Build.0 = Debug|Any CPU
		{72104209-C0AE-4AA2-8723-A9C78BEE0BC6}.Debug|x86.ActiveCfg = Debug|Any CPU
		{72104209-C0AE-4AA2-8723-A9C78BEE0BC6}.Debug|x86.Build.0 = Debug|Any CPU
		{72104209-C0AE-4AA2-8723-A9C78BEE0BC6}.Release|Any CPU.ActiveCfg = Release|Any CPU
		{72104209-C0AE-4AA2-8723-A9C78BEE0BC6}.Release|Any CPU.Build.0 = Release|Any CPU
		{72104209-C0AE-4AA2-8723-A9C78BEE0BC6}.Release|x64.ActiveCfg = Release|Any CPU
		{72104209-C0AE-4AA2-8723-A9C78BEE0BC6}.Release|x64.Build.0 = Release|Any CPU
		{72104209-C0AE-4AA2-8723-A9C78BEE0BC6}.Release|x86.ActiveCfg = Release|Any CPU
		{72104209-C0AE-4AA2-8723-A9C78BEE0BC6}.Release|x86.Build.0 = Release|Any CPU
		{3EA0DB78-FBB6-49D0-A0E9-2BB6DF497B2A}.Debug|Any CPU.ActiveCfg = Debug|Any CPU
		{3EA0DB78-FBB6-49D0-A0E9-2BB6DF497B2A}.Debug|Any CPU.Build.0 = Debug|Any CPU
		{3EA0DB78-FBB6-49D0-A0E9-2BB6DF497B2A}.Debug|x64.ActiveCfg = Debug|Any CPU
		{3EA0DB78-FBB6-49D0-A0E9-2BB6DF497B2A}.Debug|x64.Build.0 = Debug|Any CPU
		{3EA0DB78-FBB6-49D0-A0E9-2BB6DF497B2A}.Debug|x86.ActiveCfg = Debug|Any CPU
		{3EA0DB78-FBB6-49D0-A0E9-2BB6DF497B2A}.Debug|x86.Build.0 = Debug|Any CPU
		{3EA0DB78-FBB6-49D0-A0E9-2BB6DF497B2A}.Release|Any CPU.ActiveCfg = Release|Any CPU
		{3EA0DB78-FBB6-49D0-A0E9-2BB6DF497B2A}.Release|Any CPU.Build.0 = Release|Any CPU
		{3EA0DB78-FBB6-49D0-A0E9-2BB6DF497B2A}.Release|x64.ActiveCfg = Release|Any CPU
		{3EA0DB78-FBB6-49D0-A0E9-2BB6DF497B2A}.Release|x64.Build.0 = Release|Any CPU
		{3EA0DB78-FBB6-49D0-A0E9-2BB6DF497B2A}.Release|x86.ActiveCfg = Release|Any CPU
		{3EA0DB78-FBB6-49D0-A0E9-2BB6DF497B2A}.Release|x86.Build.0 = Release|Any CPU
		{0C3C49D0-DEF2-480E-98C7-DC55D7C4C9B0}.Debug|Any CPU.ActiveCfg = Debug|Any CPU
		{0C3C49D0-DEF2-480E-98C7-DC55D7C4C9B0}.Debug|Any CPU.Build.0 = Debug|Any CPU
		{0C3C49D0-DEF2-480E-98C7-DC55D7C4C9B0}.Debug|x64.ActiveCfg = Debug|Any CPU
		{0C3C49D0-DEF2-480E-98C7-DC55D7C4C9B0}.Debug|x64.Build.0 = Debug|Any CPU
		{0C3C49D0-DEF2-480E-98C7-DC55D7C4C9B0}.Debug|x86.ActiveCfg = Debug|Any CPU
		{0C3C49D0-DEF2-480E-98C7-DC55D7C4C9B0}.Debug|x86.Build.0 = Debug|Any CPU
		{0C3C49D0-DEF2-480E-98C7-DC55D7C4C9B0}.Release|Any CPU.ActiveCfg = Release|Any CPU
		{0C3C49D0-DEF2-480E-98C7-DC55D7C4C9B0}.Release|Any CPU.Build.0 = Release|Any CPU
		{0C3C49D0-DEF2-480E-98C7-DC55D7C4C9B0}.Release|x64.ActiveCfg = Release|Any CPU
		{0C3C49D0-DEF2-480E-98C7-DC55D7C4C9B0}.Release|x64.Build.0 = Release|Any CPU
		{0C3C49D0-DEF2-480E-98C7-DC55D7C4C9B0}.Release|x86.ActiveCfg = Release|Any CPU
		{0C3C49D0-DEF2-480E-98C7-DC55D7C4C9B0}.Release|x86.Build.0 = Release|Any CPU
	EndGlobalSection
	GlobalSection(SolutionProperties) = preSolution
		HideSolutionNode = FALSE
	EndGlobalSection
	GlobalSection(NestedProjects) = preSolution
		{2F935F42-AC58-4C76-8439-FBE852A256D4} = {03B11D0C-A370-41A7-A752-D983F6CE18E4}
		{7B61E3BA-BCF7-4998-B0EF-2847A2B995C9} = {03B11D0C-A370-41A7-A752-D983F6CE18E4}
		{29FCD688-43A4-4A56-805E-5D48394FC09F} = {03B11D0C-A370-41A7-A752-D983F6CE18E4}
		{4B958319-FF20-4076-9E45-09FC3E65F8AA} = {03B11D0C-A370-41A7-A752-D983F6CE18E4}
		{8BE1F51A-CC8A-4F30-8D42-6686A214CEB1} = {03B11D0C-A370-41A7-A752-D983F6CE18E4}
		{15E1EC50-6C56-4CBC-B87F-A1E069CEF04E} = {03B11D0C-A370-41A7-A752-D983F6CE18E4}
		{72104209-C0AE-4AA2-8723-A9C78BEE0BC6} = {A281C5EB-64D6-4E0F-ABCB-71AF0B8B187E}
		{0C3C49D0-DEF2-480E-98C7-DC55D7C4C9B0} = {78703646-B6CA-4F36-BC12-A1A24E5FA622}
	EndGlobalSection
	GlobalSection(ExtensibilityGlobals) = postSolution
		SolutionGuid = {C2AE500F-7C54-47DE-AFBA-7B5475FF4924}
	EndGlobalSection
EndGlobal
